// !$*UTF8*$!
{
	archiveVersion = 1;
	classes = {
	};
	objectVersion = 56;
	objects = {

/* Begin PBXBuildFile section */
		3DFF05F22B0D667C00396A81 /* TabNewsApp.swift in Sources */ = {isa = PBXBuildFile; fileRef = 3DFF05F12B0D667C00396A81 /* TabNewsApp.swift */; };
		3DFF05F42B0D667C00396A81 /* postContent.swift in Sources */ = {isa = PBXBuildFile; fileRef = 3DFF05F32B0D667C00396A81 /* postContent.swift */; };
		3DFF05F62B0D667E00396A81 /* Assets.xcassets in Resources */ = {isa = PBXBuildFile; fileRef = 3DFF05F52B0D667E00396A81 /* Assets.xcassets */; };
		3DFF05FA2B0D667E00396A81 /* Preview Assets.xcassets in Resources */ = {isa = PBXBuildFile; fileRef = 3DFF05F92B0D667E00396A81 /* Preview Assets.xcassets */; };
		3DFF06042B0D667E00396A81 /* TabNewsTests.swift in Sources */ = {isa = PBXBuildFile; fileRef = 3DFF06032B0D667E00396A81 /* TabNewsTests.swift */; };
		3DFF060E2B0D667E00396A81 /* TabNewsUITests.swift in Sources */ = {isa = PBXBuildFile; fileRef = 3DFF060D2B0D667E00396A81 /* TabNewsUITests.swift */; };
		3DFF06102B0D667E00396A81 /* TabNewsUITestsLaunchTests.swift in Sources */ = {isa = PBXBuildFile; fileRef = 3DFF060F2B0D667E00396A81 /* TabNewsUITestsLaunchTests.swift */; };
		3DFF06212B0D68A300396A81 /* newsDataModel.swift in Sources */ = {isa = PBXBuildFile; fileRef = 3DFF06202B0D68A300396A81 /* newsDataModel.swift */; };
		3DFF06252B0D68D900396A81 /* PostListViewModel.swift in Sources */ = {isa = PBXBuildFile; fileRef = 3DFF06242B0D68D900396A81 /* PostListViewModel.swift */; };
		3DFF06272B0D692500396A81 /* PostList.swift in Sources */ = {isa = PBXBuildFile; fileRef = 3DFF06262B0D692500396A81 /* PostList.swift */; };
		3DFF062C2B0E95D600396A81 /* SwiftSoup in Frameworks */ = {isa = PBXBuildFile; productRef = 3DFF062B2B0E95D600396A81 /* SwiftSoup */; };
		3DFF062F2B0E9AF600396A81 /* MarkdownUI in Frameworks */ = {isa = PBXBuildFile; productRef = 3DFF062E2B0E9AF600396A81 /* MarkdownUI */; };
		3DFF06312B0EA88D00396A81 /* PostContentModel.swift in Sources */ = {isa = PBXBuildFile; fileRef = 3DFF06302B0EA88D00396A81 /* PostContentModel.swift */; };
		3DFF06342B100BBE00396A81 /* FloatingButton in Frameworks */ = {isa = PBXBuildFile; productRef = 3DFF06332B100BBE00396A81 /* FloatingButton */; };
		3DFF06362B100C3000396A81 /* FloatingButtonView.swift in Sources */ = {isa = PBXBuildFile; fileRef = 3DFF06352B100C3000396A81 /* FloatingButtonView.swift */; };
		3DFF06382B100E6A00396A81 /* ComentsModel.swift in Sources */ = {isa = PBXBuildFile; fileRef = 3DFF06372B100E6A00396A81 /* ComentsModel.swift */; };
/* End PBXBuildFile section */

/* Begin PBXContainerItemProxy section */
		3DFF06002B0D667E00396A81 /* PBXContainerItemProxy */ = {
			isa = PBXContainerItemProxy;
			containerPortal = 3DFF05E62B0D667C00396A81 /* Project object */;
			proxyType = 1;
			remoteGlobalIDString = 3DFF05ED2B0D667C00396A81;
			remoteInfo = TabNews;
		};
		3DFF060A2B0D667E00396A81 /* PBXContainerItemProxy */ = {
			isa = PBXContainerItemProxy;
			containerPortal = 3DFF05E62B0D667C00396A81 /* Project object */;
			proxyType = 1;
			remoteGlobalIDString = 3DFF05ED2B0D667C00396A81;
			remoteInfo = TabNews;
		};
/* End PBXContainerItemProxy section */

/* Begin PBXFileReference section */
		3DFF05EE2B0D667C00396A81 /* TabNews.app */ = {isa = PBXFileReference; explicitFileType = wrapper.application; includeInIndex = 0; path = TabNews.app; sourceTree = BUILT_PRODUCTS_DIR; };
		3DFF05F12B0D667C00396A81 /* TabNewsApp.swift */ = {isa = PBXFileReference; lastKnownFileType = sourcecode.swift; path = TabNewsApp.swift; sourceTree = "<group>"; };
		3DFF05F32B0D667C00396A81 /* postContent.swift */ = {isa = PBXFileReference; lastKnownFileType = sourcecode.swift; path = postContent.swift; sourceTree = "<group>"; };
		3DFF05F52B0D667E00396A81 /* Assets.xcassets */ = {isa = PBXFileReference; lastKnownFileType = folder.assetcatalog; path = Assets.xcassets; sourceTree = "<group>"; };
		3DFF05F72B0D667E00396A81 /* TabNews.entitlements */ = {isa = PBXFileReference; lastKnownFileType = text.plist.entitlements; path = TabNews.entitlements; sourceTree = "<group>"; };
		3DFF05F92B0D667E00396A81 /* Preview Assets.xcassets */ = {isa = PBXFileReference; lastKnownFileType = folder.assetcatalog; path = "Preview Assets.xcassets"; sourceTree = "<group>"; };
		3DFF05FF2B0D667E00396A81 /* TabNewsTests.xctest */ = {isa = PBXFileReference; explicitFileType = wrapper.cfbundle; includeInIndex = 0; path = TabNewsTests.xctest; sourceTree = BUILT_PRODUCTS_DIR; };
		3DFF06032B0D667E00396A81 /* TabNewsTests.swift */ = {isa = PBXFileReference; lastKnownFileType = sourcecode.swift; path = TabNewsTests.swift; sourceTree = "<group>"; };
		3DFF06092B0D667E00396A81 /* TabNewsUITests.xctest */ = {isa = PBXFileReference; explicitFileType = wrapper.cfbundle; includeInIndex = 0; path = TabNewsUITests.xctest; sourceTree = BUILT_PRODUCTS_DIR; };
		3DFF060D2B0D667E00396A81 /* TabNewsUITests.swift */ = {isa = PBXFileReference; lastKnownFileType = sourcecode.swift; path = TabNewsUITests.swift; sourceTree = "<group>"; };
		3DFF060F2B0D667E00396A81 /* TabNewsUITestsLaunchTests.swift */ = {isa = PBXFileReference; lastKnownFileType = sourcecode.swift; path = TabNewsUITestsLaunchTests.swift; sourceTree = "<group>"; };
		3DFF06202B0D68A300396A81 /* newsDataModel.swift */ = {isa = PBXFileReference; lastKnownFileType = sourcecode.swift; path = newsDataModel.swift; sourceTree = "<group>"; };
		3DFF06242B0D68D900396A81 /* PostListViewModel.swift */ = {isa = PBXFileReference; lastKnownFileType = sourcecode.swift; path = PostListViewModel.swift; sourceTree = "<group>"; };
		3DFF06262B0D692500396A81 /* PostList.swift */ = {isa = PBXFileReference; lastKnownFileType = sourcecode.swift; path = PostList.swift; sourceTree = "<group>"; };
		3DFF06302B0EA88D00396A81 /* PostContentModel.swift */ = {isa = PBXFileReference; lastKnownFileType = sourcecode.swift; path = PostContentModel.swift; sourceTree = "<group>"; };
		3DFF06352B100C3000396A81 /* FloatingButtonView.swift */ = {isa = PBXFileReference; lastKnownFileType = sourcecode.swift; path = FloatingButtonView.swift; sourceTree = "<group>"; };
		3DFF06372B100E6A00396A81 /* ComentsModel.swift */ = {isa = PBXFileReference; lastKnownFileType = sourcecode.swift; path = ComentsModel.swift; sourceTree = "<group>"; };
/* End PBXFileReference section */

/* Begin PBXFrameworksBuildPhase section */
		3DFF05EB2B0D667C00396A81 /* Frameworks */ = {
			isa = PBXFrameworksBuildPhase;
			buildActionMask = 2147483647;
			files = (
				3DFF06342B100BBE00396A81 /* FloatingButton in Frameworks */,
				3DFF062C2B0E95D600396A81 /* SwiftSoup in Frameworks */,
				3DFF062F2B0E9AF600396A81 /* MarkdownUI in Frameworks */,
			);
			runOnlyForDeploymentPostprocessing = 0;
		};
		3DFF05FC2B0D667E00396A81 /* Frameworks */ = {
			isa = PBXFrameworksBuildPhase;
			buildActionMask = 2147483647;
			files = (
			);
			runOnlyForDeploymentPostprocessing = 0;
		};
		3DFF06062B0D667E00396A81 /* Frameworks */ = {
			isa = PBXFrameworksBuildPhase;
			buildActionMask = 2147483647;
			files = (
			);
			runOnlyForDeploymentPostprocessing = 0;
		};
/* End PBXFrameworksBuildPhase section */

/* Begin PBXGroup section */
		3DFF05E52B0D667C00396A81 = {
			isa = PBXGroup;
			children = (
				3DFF05F02B0D667C00396A81 /* TabNews */,
				3DFF06022B0D667E00396A81 /* TabNewsTests */,
				3DFF060C2B0D667E00396A81 /* TabNewsUITests */,
				3DFF05EF2B0D667C00396A81 /* Products */,
			);
			sourceTree = "<group>";
		};
		3DFF05EF2B0D667C00396A81 /* Products */ = {
			isa = PBXGroup;
			children = (
				3DFF05EE2B0D667C00396A81 /* TabNews.app */,
				3DFF05FF2B0D667E00396A81 /* TabNewsTests.xctest */,
				3DFF06092B0D667E00396A81 /* TabNewsUITests.xctest */,
			);
			name = Products;
			sourceTree = "<group>";
		};
		3DFF05F02B0D667C00396A81 /* TabNews */ = {
			isa = PBXGroup;
			children = (
				3DFF061C2B0D687100396A81 /* Shared */,
				3DFF05F12B0D667C00396A81 /* TabNewsApp.swift */,
				3DFF05F52B0D667E00396A81 /* Assets.xcassets */,
				3DFF05F72B0D667E00396A81 /* TabNews.entitlements */,
				3DFF05F82B0D667E00396A81 /* Preview Content */,
			);
			path = TabNews;
			sourceTree = "<group>";
		};
		3DFF05F82B0D667E00396A81 /* Preview Content */ = {
			isa = PBXGroup;
			children = (
				3DFF05F92B0D667E00396A81 /* Preview Assets.xcassets */,
			);
			path = "Preview Content";
			sourceTree = "<group>";
		};
		3DFF06022B0D667E00396A81 /* TabNewsTests */ = {
			isa = PBXGroup;
			children = (
				3DFF06032B0D667E00396A81 /* TabNewsTests.swift */,
			);
			path = TabNewsTests;
			sourceTree = "<group>";
		};
		3DFF060C2B0D667E00396A81 /* TabNewsUITests */ = {
			isa = PBXGroup;
			children = (
				3DFF060D2B0D667E00396A81 /* TabNewsUITests.swift */,
				3DFF060F2B0D667E00396A81 /* TabNewsUITestsLaunchTests.swift */,
			);
			path = TabNewsUITests;
			sourceTree = "<group>";
		};
		3DFF061C2B0D687100396A81 /* Shared */ = {
			isa = PBXGroup;
			children = (
				3DFF061F2B0D688C00396A81 /* Model */,
				3DFF061E2B0D688700396A81 /* Views */,
				3DFF061D2B0D687500396A81 /* ViewModel */,
			);
			path = Shared;
			sourceTree = "<group>";
		};
		3DFF061D2B0D687500396A81 /* ViewModel */ = {
			isa = PBXGroup;
			children = (
				3DFF06242B0D68D900396A81 /* PostListViewModel.swift */,
			);
			path = ViewModel;
			sourceTree = "<group>";
		};
		3DFF061E2B0D688700396A81 /* Views */ = {
			isa = PBXGroup;
			children = (
				3DFF06262B0D692500396A81 /* PostList.swift */,
				3DFF05F32B0D667C00396A81 /* postContent.swift */,
				3DFF06352B100C3000396A81 /* FloatingButtonView.swift */,
			);
			path = Views;
			sourceTree = "<group>";
		};
		3DFF061F2B0D688C00396A81 /* Model */ = {
			isa = PBXGroup;
			children = (
				3DFF06202B0D68A300396A81 /* newsDataModel.swift */,
				3DFF06302B0EA88D00396A81 /* PostContentModel.swift */,
				3DFF06372B100E6A00396A81 /* ComentsModel.swift */,
			);
			path = Model;
			sourceTree = "<group>";
		};
/* End PBXGroup section */

/* Begin PBXNativeTarget section */
		3DFF05ED2B0D667C00396A81 /* TabNews */ = {
			isa = PBXNativeTarget;
			buildConfigurationList = 3DFF06132B0D667E00396A81 /* Build configuration list for PBXNativeTarget "TabNews" */;
			buildPhases = (
				3DFF05EA2B0D667C00396A81 /* Sources */,
				3DFF05EB2B0D667C00396A81 /* Frameworks */,
				3DFF05EC2B0D667C00396A81 /* Resources */,
			);
			buildRules = (
			);
			dependencies = (
			);
			name = TabNews;
			packageProductDependencies = (
				3DFF062B2B0E95D600396A81 /* SwiftSoup */,
				3DFF062E2B0E9AF600396A81 /* MarkdownUI */,
				3DFF06332B100BBE00396A81 /* FloatingButton */,
			);
			productName = TabNews;
			productReference = 3DFF05EE2B0D667C00396A81 /* TabNews.app */;
			productType = "com.apple.product-type.application";
		};
		3DFF05FE2B0D667E00396A81 /* TabNewsTests */ = {
			isa = PBXNativeTarget;
			buildConfigurationList = 3DFF06162B0D667E00396A81 /* Build configuration list for PBXNativeTarget "TabNewsTests" */;
			buildPhases = (
				3DFF05FB2B0D667E00396A81 /* Sources */,
				3DFF05FC2B0D667E00396A81 /* Frameworks */,
				3DFF05FD2B0D667E00396A81 /* Resources */,
			);
			buildRules = (
			);
			dependencies = (
				3DFF06012B0D667E00396A81 /* PBXTargetDependency */,
			);
			name = TabNewsTests;
			productName = TabNewsTests;
			productReference = 3DFF05FF2B0D667E00396A81 /* TabNewsTests.xctest */;
			productType = "com.apple.product-type.bundle.unit-test";
		};
		3DFF06082B0D667E00396A81 /* TabNewsUITests */ = {
			isa = PBXNativeTarget;
			buildConfigurationList = 3DFF06192B0D667E00396A81 /* Build configuration list for PBXNativeTarget "TabNewsUITests" */;
			buildPhases = (
				3DFF06052B0D667E00396A81 /* Sources */,
				3DFF06062B0D667E00396A81 /* Frameworks */,
				3DFF06072B0D667E00396A81 /* Resources */,
			);
			buildRules = (
			);
			dependencies = (
				3DFF060B2B0D667E00396A81 /* PBXTargetDependency */,
			);
			name = TabNewsUITests;
			productName = TabNewsUITests;
			productReference = 3DFF06092B0D667E00396A81 /* TabNewsUITests.xctest */;
			productType = "com.apple.product-type.bundle.ui-testing";
		};
/* End PBXNativeTarget section */

/* Begin PBXProject section */
		3DFF05E62B0D667C00396A81 /* Project object */ = {
			isa = PBXProject;
			attributes = {
				BuildIndependentTargetsInParallel = 1;
				LastSwiftUpdateCheck = 1500;
				LastUpgradeCheck = 1500;
				TargetAttributes = {
					3DFF05ED2B0D667C00396A81 = {
						CreatedOnToolsVersion = 15.0.1;
					};
					3DFF05FE2B0D667E00396A81 = {
						CreatedOnToolsVersion = 15.0.1;
						TestTargetID = 3DFF05ED2B0D667C00396A81;
					};
					3DFF06082B0D667E00396A81 = {
						CreatedOnToolsVersion = 15.0.1;
						TestTargetID = 3DFF05ED2B0D667C00396A81;
					};
				};
			};
			buildConfigurationList = 3DFF05E92B0D667C00396A81 /* Build configuration list for PBXProject "TabNews" */;
			compatibilityVersion = "Xcode 14.0";
			developmentRegion = en;
			hasScannedForEncodings = 0;
			knownRegions = (
				en,
				Base,
			);
			mainGroup = 3DFF05E52B0D667C00396A81;
			packageReferences = (
				3DFF062A2B0E95D600396A81 /* XCRemoteSwiftPackageReference "SwiftSoup" */,
				3DFF062D2B0E9AF600396A81 /* XCRemoteSwiftPackageReference "MarkdownUI" */,
				3DFF06322B100BBE00396A81 /* XCRemoteSwiftPackageReference "FloatingButton" */,
			);
			productRefGroup = 3DFF05EF2B0D667C00396A81 /* Products */;
			projectDirPath = "";
			projectRoot = "";
			targets = (
				3DFF05ED2B0D667C00396A81 /* TabNews */,
				3DFF05FE2B0D667E00396A81 /* TabNewsTests */,
				3DFF06082B0D667E00396A81 /* TabNewsUITests */,
			);
		};
/* End PBXProject section */

/* Begin PBXResourcesBuildPhase section */
		3DFF05EC2B0D667C00396A81 /* Resources */ = {
			isa = PBXResourcesBuildPhase;
			buildActionMask = 2147483647;
			files = (
				3DFF05FA2B0D667E00396A81 /* Preview Assets.xcassets in Resources */,
				3DFF05F62B0D667E00396A81 /* Assets.xcassets in Resources */,
			);
			runOnlyForDeploymentPostprocessing = 0;
		};
		3DFF05FD2B0D667E00396A81 /* Resources */ = {
			isa = PBXResourcesBuildPhase;
			buildActionMask = 2147483647;
			files = (
			);
			runOnlyForDeploymentPostprocessing = 0;
		};
		3DFF06072B0D667E00396A81 /* Resources */ = {
			isa = PBXResourcesBuildPhase;
			buildActionMask = 2147483647;
			files = (
			);
			runOnlyForDeploymentPostprocessing = 0;
		};
/* End PBXResourcesBuildPhase section */

/* Begin PBXSourcesBuildPhase section */
		3DFF05EA2B0D667C00396A81 /* Sources */ = {
			isa = PBXSourcesBuildPhase;
			buildActionMask = 2147483647;
			files = (
				3DFF05F42B0D667C00396A81 /* postContent.swift in Sources */,
				3DFF06272B0D692500396A81 /* PostList.swift in Sources */,
				3DFF06212B0D68A300396A81 /* newsDataModel.swift in Sources */,
				3DFF06362B100C3000396A81 /* FloatingButtonView.swift in Sources */,
				3DFF06252B0D68D900396A81 /* PostListViewModel.swift in Sources */,
				3DFF05F22B0D667C00396A81 /* TabNewsApp.swift in Sources */,
				3DFF06312B0EA88D00396A81 /* PostContentModel.swift in Sources */,
				3DFF06382B100E6A00396A81 /* ComentsModel.swift in Sources */,
			);
			runOnlyForDeploymentPostprocessing = 0;
		};
		3DFF05FB2B0D667E00396A81 /* Sources */ = {
			isa = PBXSourcesBuildPhase;
			buildActionMask = 2147483647;
			files = (
				3DFF06042B0D667E00396A81 /* TabNewsTests.swift in Sources */,
			);
			runOnlyForDeploymentPostprocessing = 0;
		};
		3DFF06052B0D667E00396A81 /* Sources */ = {
			isa = PBXSourcesBuildPhase;
			buildActionMask = 2147483647;
			files = (
				3DFF060E2B0D667E00396A81 /* TabNewsUITests.swift in Sources */,
				3DFF06102B0D667E00396A81 /* TabNewsUITestsLaunchTests.swift in Sources */,
			);
			runOnlyForDeploymentPostprocessing = 0;
		};
/* End PBXSourcesBuildPhase section */

/* Begin PBXTargetDependency section */
		3DFF06012B0D667E00396A81 /* PBXTargetDependency */ = {
			isa = PBXTargetDependency;
			target = 3DFF05ED2B0D667C00396A81 /* TabNews */;
			targetProxy = 3DFF06002B0D667E00396A81 /* PBXContainerItemProxy */;
		};
		3DFF060B2B0D667E00396A81 /* PBXTargetDependency */ = {
			isa = PBXTargetDependency;
			target = 3DFF05ED2B0D667C00396A81 /* TabNews */;
			targetProxy = 3DFF060A2B0D667E00396A81 /* PBXContainerItemProxy */;
		};
/* End PBXTargetDependency section */

/* Begin XCBuildConfiguration section */
		3DFF06112B0D667E00396A81 /* Debug */ = {
			isa = XCBuildConfiguration;
			buildSettings = {
				ALWAYS_SEARCH_USER_PATHS = NO;
				ASSETCATALOG_COMPILER_GENERATE_SWIFT_ASSET_SYMBOL_EXTENSIONS = YES;
				CLANG_ANALYZER_NONNULL = YES;
				CLANG_ANALYZER_NUMBER_OBJECT_CONVERSION = YES_AGGRESSIVE;
				CLANG_CXX_LANGUAGE_STANDARD = "gnu++20";
				CLANG_ENABLE_MODULES = YES;
				CLANG_ENABLE_OBJC_ARC = YES;
				CLANG_ENABLE_OBJC_WEAK = YES;
				CLANG_WARN_BLOCK_CAPTURE_AUTORELEASING = YES;
				CLANG_WARN_BOOL_CONVERSION = YES;
				CLANG_WARN_COMMA = YES;
				CLANG_WARN_CONSTANT_CONVERSION = YES;
				CLANG_WARN_DEPRECATED_OBJC_IMPLEMENTATIONS = YES;
				CLANG_WARN_DIRECT_OBJC_ISA_USAGE = YES_ERROR;
				CLANG_WARN_DOCUMENTATION_COMMENTS = YES;
				CLANG_WARN_EMPTY_BODY = YES;
				CLANG_WARN_ENUM_CONVERSION = YES;
				CLANG_WARN_INFINITE_RECURSION = YES;
				CLANG_WARN_INT_CONVERSION = YES;
				CLANG_WARN_NON_LITERAL_NULL_CONVERSION = YES;
				CLANG_WARN_OBJC_IMPLICIT_RETAIN_SELF = YES;
				CLANG_WARN_OBJC_LITERAL_CONVERSION = YES;
				CLANG_WARN_OBJC_ROOT_CLASS = YES_ERROR;
				CLANG_WARN_QUOTED_INCLUDE_IN_FRAMEWORK_HEADER = YES;
				CLANG_WARN_RANGE_LOOP_ANALYSIS = YES;
				CLANG_WARN_STRICT_PROTOTYPES = YES;
				CLANG_WARN_SUSPICIOUS_MOVE = YES;
				CLANG_WARN_UNGUARDED_AVAILABILITY = YES_AGGRESSIVE;
				CLANG_WARN_UNREACHABLE_CODE = YES;
				CLANG_WARN__DUPLICATE_METHOD_MATCH = YES;
				COPY_PHASE_STRIP = NO;
				DEBUG_INFORMATION_FORMAT = dwarf;
				ENABLE_STRICT_OBJC_MSGSEND = YES;
				ENABLE_TESTABILITY = YES;
				ENABLE_USER_SCRIPT_SANDBOXING = YES;
				GCC_C_LANGUAGE_STANDARD = gnu17;
				GCC_DYNAMIC_NO_PIC = NO;
				GCC_NO_COMMON_BLOCKS = YES;
				GCC_OPTIMIZATION_LEVEL = 0;
				GCC_PREPROCESSOR_DEFINITIONS = (
					"DEBUG=1",
					"$(inherited)",
				);
				GCC_WARN_64_TO_32_BIT_CONVERSION = YES;
				GCC_WARN_ABOUT_RETURN_TYPE = YES_ERROR;
				GCC_WARN_UNDECLARED_SELECTOR = YES;
				GCC_WARN_UNINITIALIZED_AUTOS = YES_AGGRESSIVE;
				GCC_WARN_UNUSED_FUNCTION = YES;
				GCC_WARN_UNUSED_VARIABLE = YES;
				LOCALIZATION_PREFERS_STRING_CATALOGS = YES;
				MTL_ENABLE_DEBUG_INFO = INCLUDE_SOURCE;
				MTL_FAST_MATH = YES;
				ONLY_ACTIVE_ARCH = YES;
				SWIFT_ACTIVE_COMPILATION_CONDITIONS = "DEBUG $(inherited)";
				SWIFT_OPTIMIZATION_LEVEL = "-Onone";
			};
			name = Debug;
		};
		3DFF06122B0D667E00396A81 /* Release */ = {
			isa = XCBuildConfiguration;
			buildSettings = {
				ALWAYS_SEARCH_USER_PATHS = NO;
				ASSETCATALOG_COMPILER_GENERATE_SWIFT_ASSET_SYMBOL_EXTENSIONS = YES;
				CLANG_ANALYZER_NONNULL = YES;
				CLANG_ANALYZER_NUMBER_OBJECT_CONVERSION = YES_AGGRESSIVE;
				CLANG_CXX_LANGUAGE_STANDARD = "gnu++20";
				CLANG_ENABLE_MODULES = YES;
				CLANG_ENABLE_OBJC_ARC = YES;
				CLANG_ENABLE_OBJC_WEAK = YES;
				CLANG_WARN_BLOCK_CAPTURE_AUTORELEASING = YES;
				CLANG_WARN_BOOL_CONVERSION = YES;
				CLANG_WARN_COMMA = YES;
				CLANG_WARN_CONSTANT_CONVERSION = YES;
				CLANG_WARN_DEPRECATED_OBJC_IMPLEMENTATIONS = YES;
				CLANG_WARN_DIRECT_OBJC_ISA_USAGE = YES_ERROR;
				CLANG_WARN_DOCUMENTATION_COMMENTS = YES;
				CLANG_WARN_EMPTY_BODY = YES;
				CLANG_WARN_ENUM_CONVERSION = YES;
				CLANG_WARN_INFINITE_RECURSION = YES;
				CLANG_WARN_INT_CONVERSION = YES;
				CLANG_WARN_NON_LITERAL_NULL_CONVERSION = YES;
				CLANG_WARN_OBJC_IMPLICIT_RETAIN_SELF = YES;
				CLANG_WARN_OBJC_LITERAL_CONVERSION = YES;
				CLANG_WARN_OBJC_ROOT_CLASS = YES_ERROR;
				CLANG_WARN_QUOTED_INCLUDE_IN_FRAMEWORK_HEADER = YES;
				CLANG_WARN_RANGE_LOOP_ANALYSIS = YES;
				CLANG_WARN_STRICT_PROTOTYPES = YES;
				CLANG_WARN_SUSPICIOUS_MOVE = YES;
				CLANG_WARN_UNGUARDED_AVAILABILITY = YES_AGGRESSIVE;
				CLANG_WARN_UNREACHABLE_CODE = YES;
				CLANG_WARN__DUPLICATE_METHOD_MATCH = YES;
				COPY_PHASE_STRIP = NO;
				DEBUG_INFORMATION_FORMAT = "dwarf-with-dsym";
				ENABLE_NS_ASSERTIONS = NO;
				ENABLE_STRICT_OBJC_MSGSEND = YES;
				ENABLE_USER_SCRIPT_SANDBOXING = YES;
				GCC_C_LANGUAGE_STANDARD = gnu17;
				GCC_NO_COMMON_BLOCKS = YES;
				GCC_WARN_64_TO_32_BIT_CONVERSION = YES;
				GCC_WARN_ABOUT_RETURN_TYPE = YES_ERROR;
				GCC_WARN_UNDECLARED_SELECTOR = YES;
				GCC_WARN_UNINITIALIZED_AUTOS = YES_AGGRESSIVE;
				GCC_WARN_UNUSED_FUNCTION = YES;
				GCC_WARN_UNUSED_VARIABLE = YES;
				LOCALIZATION_PREFERS_STRING_CATALOGS = YES;
				MTL_ENABLE_DEBUG_INFO = NO;
				MTL_FAST_MATH = YES;
				SWIFT_COMPILATION_MODE = wholemodule;
			};
			name = Release;
		};
		3DFF06142B0D667E00396A81 /* Debug */ = {
			isa = XCBuildConfiguration;
			buildSettings = {
				ASSETCATALOG_COMPILER_APPICON_NAME = AppIcon;
				ASSETCATALOG_COMPILER_GLOBAL_ACCENT_COLOR_NAME = AccentColor;
				CODE_SIGN_ENTITLEMENTS = TabNews/TabNews.entitlements;
				CODE_SIGN_STYLE = Automatic;
				CURRENT_PROJECT_VERSION = 1;
				DEVELOPMENT_ASSET_PATHS = "\"TabNews/Preview Content\"";
				DEVELOPMENT_TEAM = SKHUBRDPGV;
				ENABLE_HARDENED_RUNTIME = YES;
				ENABLE_PREVIEWS = YES;
				GENERATE_INFOPLIST_FILE = YES;
				"INFOPLIST_KEY_UIApplicationSceneManifest_Generation[sdk=iphoneos*]" = YES;
				"INFOPLIST_KEY_UIApplicationSceneManifest_Generation[sdk=iphonesimulator*]" = YES;
				"INFOPLIST_KEY_UIApplicationSupportsIndirectInputEvents[sdk=iphoneos*]" = YES;
				"INFOPLIST_KEY_UIApplicationSupportsIndirectInputEvents[sdk=iphonesimulator*]" = YES;
				"INFOPLIST_KEY_UILaunchScreen_Generation[sdk=iphoneos*]" = YES;
				"INFOPLIST_KEY_UILaunchScreen_Generation[sdk=iphonesimulator*]" = YES;
				"INFOPLIST_KEY_UIStatusBarStyle[sdk=iphoneos*]" = UIStatusBarStyleDefault;
				"INFOPLIST_KEY_UIStatusBarStyle[sdk=iphonesimulator*]" = UIStatusBarStyleDefault;
				INFOPLIST_KEY_UISupportedInterfaceOrientations_iPad = "UIInterfaceOrientationPortrait UIInterfaceOrientationPortraitUpsideDown UIInterfaceOrientationLandscapeLeft UIInterfaceOrientationLandscapeRight";
				INFOPLIST_KEY_UISupportedInterfaceOrientations_iPhone = "UIInterfaceOrientationPortrait UIInterfaceOrientationLandscapeLeft UIInterfaceOrientationLandscapeRight";
				IPHONEOS_DEPLOYMENT_TARGET = 17.0;
				LD_RUNPATH_SEARCH_PATHS = "@executable_path/Frameworks";
				"LD_RUNPATH_SEARCH_PATHS[sdk=macosx*]" = "@executable_path/../Frameworks";
				MACOSX_DEPLOYMENT_TARGET = 14.0;
				MARKETING_VERSION = 1.0;
				PRODUCT_BUNDLE_IDENTIFIER = HoracioMota.TabNews;
				PRODUCT_NAME = "$(TARGET_NAME)";
				SDKROOT = auto;
				SUPPORTED_PLATFORMS = "iphoneos iphonesimulator macosx";
				SWIFT_EMIT_LOC_STRINGS = YES;
				SWIFT_VERSION = 5.0;
				TARGETED_DEVICE_FAMILY = "1,2";
			};
			name = Debug;
		};
		3DFF06152B0D667E00396A81 /* Release */ = {
			isa = XCBuildConfiguration;
			buildSettings = {
				ASSETCATALOG_COMPILER_APPICON_NAME = AppIcon;
				ASSETCATALOG_COMPILER_GLOBAL_ACCENT_COLOR_NAME = AccentColor;
				CODE_SIGN_ENTITLEMENTS = TabNews/TabNews.entitlements;
				CODE_SIGN_STYLE = Automatic;
				CURRENT_PROJECT_VERSION = 1;
				DEVELOPMENT_ASSET_PATHS = "\"TabNews/Preview Content\"";
				DEVELOPMENT_TEAM = SKHUBRDPGV;
				ENABLE_HARDENED_RUNTIME = YES;
				ENABLE_PREVIEWS = YES;
				GENERATE_INFOPLIST_FILE = YES;
				"INFOPLIST_KEY_UIApplicationSceneManifest_Generation[sdk=iphoneos*]" = YES;
				"INFOPLIST_KEY_UIApplicationSceneManifest_Generation[sdk=iphonesimulator*]" = YES;
				"INFOPLIST_KEY_UIApplicationSupportsIndirectInputEvents[sdk=iphoneos*]" = YES;
				"INFOPLIST_KEY_UIApplicationSupportsIndirectInputEvents[sdk=iphonesimulator*]" = YES;
				"INFOPLIST_KEY_UILaunchScreen_Generation[sdk=iphoneos*]" = YES;
				"INFOPLIST_KEY_UILaunchScreen_Generation[sdk=iphonesimulator*]" = YES;
				"INFOPLIST_KEY_UIStatusBarStyle[sdk=iphoneos*]" = UIStatusBarStyleDefault;
				"INFOPLIST_KEY_UIStatusBarStyle[sdk=iphonesimulator*]" = UIStatusBarStyleDefault;
				INFOPLIST_KEY_UISupportedInterfaceOrientations_iPad = "UIInterfaceOrientationPortrait UIInterfaceOrientationPortraitUpsideDown UIInterfaceOrientationLandscapeLeft UIInterfaceOrientationLandscapeRight";
				INFOPLIST_KEY_UISupportedInterfaceOrientations_iPhone = "UIInterfaceOrientationPortrait UIInterfaceOrientationLandscapeLeft UIInterfaceOrientationLandscapeRight";
				IPHONEOS_DEPLOYMENT_TARGET = 17.0;
				LD_RUNPATH_SEARCH_PATHS = "@executable_path/Frameworks";
				"LD_RUNPATH_SEARCH_PATHS[sdk=macosx*]" = "@executable_path/../Frameworks";
				MACOSX_DEPLOYMENT_TARGET = 14.0;
				MARKETING_VERSION = 1.0;
				PRODUCT_BUNDLE_IDENTIFIER = HoracioMota.TabNews;
				PRODUCT_NAME = "$(TARGET_NAME)";
				SDKROOT = auto;
				SUPPORTED_PLATFORMS = "iphoneos iphonesimulator macosx";
				SWIFT_EMIT_LOC_STRINGS = YES;
				SWIFT_VERSION = 5.0;
				TARGETED_DEVICE_FAMILY = "1,2";
			};
			name = Release;
		};
		3DFF06172B0D667E00396A81 /* Debug */ = {
			isa = XCBuildConfiguration;
			buildSettings = {
				ALWAYS_EMBED_SWIFT_STANDARD_LIBRARIES = YES;
				BUNDLE_LOADER = "$(TEST_HOST)";
				CODE_SIGN_STYLE = Automatic;
				CURRENT_PROJECT_VERSION = 1;
				DEVELOPMENT_TEAM = SKHUBRDPGV;
				GENERATE_INFOPLIST_FILE = YES;
				IPHONEOS_DEPLOYMENT_TARGET = 17.0;
				MACOSX_DEPLOYMENT_TARGET = 14.0;
				MARKETING_VERSION = 1.0;
				PRODUCT_BUNDLE_IDENTIFIER = HoracioMota.TabNewsTests;
				PRODUCT_NAME = "$(TARGET_NAME)";
				SDKROOT = auto;
				SUPPORTED_PLATFORMS = "iphoneos iphonesimulator macosx";
				SWIFT_EMIT_LOC_STRINGS = NO;
				SWIFT_VERSION = 5.0;
				TARGETED_DEVICE_FAMILY = "1,2";
				TEST_HOST = "$(BUILT_PRODUCTS_DIR)/TabNews.app/$(BUNDLE_EXECUTABLE_FOLDER_PATH)/TabNews";
			};
			name = Debug;
		};
		3DFF06182B0D667E00396A81 /* Release */ = {
			isa = XCBuildConfiguration;
			buildSettings = {
				ALWAYS_EMBED_SWIFT_STANDARD_LIBRARIES = YES;
				BUNDLE_LOADER = "$(TEST_HOST)";
				CODE_SIGN_STYLE = Automatic;
				CURRENT_PROJECT_VERSION = 1;
				DEVELOPMENT_TEAM = SKHUBRDPGV;
				GENERATE_INFOPLIST_FILE = YES;
				IPHONEOS_DEPLOYMENT_TARGET = 17.0;
				MACOSX_DEPLOYMENT_TARGET = 14.0;
				MARKETING_VERSION = 1.0;
				PRODUCT_BUNDLE_IDENTIFIER = HoracioMota.TabNewsTests;
				PRODUCT_NAME = "$(TARGET_NAME)";
				SDKROOT = auto;
				SUPPORTED_PLATFORMS = "iphoneos iphonesimulator macosx";
				SWIFT_EMIT_LOC_STRINGS = NO;
				SWIFT_VERSION = 5.0;
				TARGETED_DEVICE_FAMILY = "1,2";
				TEST_HOST = "$(BUILT_PRODUCTS_DIR)/TabNews.app/$(BUNDLE_EXECUTABLE_FOLDER_PATH)/TabNews";
			};
			name = Release;
		};
		3DFF061A2B0D667E00396A81 /* Debug */ = {
			isa = XCBuildConfiguration;
			buildSettings = {
				ALWAYS_EMBED_SWIFT_STANDARD_LIBRARIES = YES;
				CODE_SIGN_STYLE = Automatic;
				CURRENT_PROJECT_VERSION = 1;
				DEVELOPMENT_TEAM = SKHUBRDPGV;
				GENERATE_INFOPLIST_FILE = YES;
				IPHONEOS_DEPLOYMENT_TARGET = 17.0;
				MACOSX_DEPLOYMENT_TARGET = 14.0;
				MARKETING_VERSION = 1.0;
				PRODUCT_BUNDLE_IDENTIFIER = HoracioMota.TabNewsUITests;
				PRODUCT_NAME = "$(TARGET_NAME)";
				SDKROOT = auto;
				SUPPORTED_PLATFORMS = "iphoneos iphonesimulator macosx";
				SWIFT_EMIT_LOC_STRINGS = NO;
				SWIFT_VERSION = 5.0;
				TARGETED_DEVICE_FAMILY = "1,2";
				TEST_TARGET_NAME = TabNews;
			};
			name = Debug;
		};
		3DFF061B2B0D667E00396A81 /* Release */ = {
			isa = XCBuildConfiguration;
			buildSettings = {
				ALWAYS_EMBED_SWIFT_STANDARD_LIBRARIES = YES;
				CODE_SIGN_STYLE = Automatic;
				CURRENT_PROJECT_VERSION = 1;
				DEVELOPMENT_TEAM = SKHUBRDPGV;
				GENERATE_INFOPLIST_FILE = YES;
				IPHONEOS_DEPLOYMENT_TARGET = 17.0;
				MACOSX_DEPLOYMENT_TARGET = 14.0;
				MARKETING_VERSION = 1.0;
				PRODUCT_BUNDLE_IDENTIFIER = HoracioMota.TabNewsUITests;
				PRODUCT_NAME = "$(TARGET_NAME)";
				SDKROOT = auto;
				SUPPORTED_PLATFORMS = "iphoneos iphonesimulator macosx";
				SWIFT_EMIT_LOC_STRINGS = NO;
				SWIFT_VERSION = 5.0;
				TARGETED_DEVICE_FAMILY = "1,2";
				TEST_TARGET_NAME = TabNews;
			};
			name = Release;
		};
/* End XCBuildConfiguration section */

/* Begin XCConfigurationList section */
		3DFF05E92B0D667C00396A81 /* Build configuration list for PBXProject "TabNews" */ = {
			isa = XCConfigurationList;
			buildConfigurations = (
				3DFF06112B0D667E00396A81 /* Debug */,
				3DFF06122B0D667E00396A81 /* Release */,
			);
			defaultConfigurationIsVisible = 0;
			defaultConfigurationName = Release;
		};
		3DFF06132B0D667E00396A81 /* Build configuration list for PBXNativeTarget "TabNews" */ = {
			isa = XCConfigurationList;
			buildConfigurations = (
				3DFF06142B0D667E00396A81 /* Debug */,
				3DFF06152B0D667E00396A81 /* Release */,
			);
			defaultConfigurationIsVisible = 0;
			defaultConfigurationName = Release;
		};
		3DFF06162B0D667E00396A81 /* Build configuration list for PBXNativeTarget "TabNewsTests" */ = {
			isa = XCConfigurationList;
			buildConfigurations = (
				3DFF06172B0D667E00396A81 /* Debug */,
				3DFF06182B0D667E00396A81 /* Release */,
			);
			defaultConfigurationIsVisible = 0;
			defaultConfigurationName = Release;
		};
		3DFF06192B0D667E00396A81 /* Build configuration list for PBXNativeTarget "TabNewsUITests" */ = {
			isa = XCConfigurationList;
			buildConfigurations = (
				3DFF061A2B0D667E00396A81 /* Debug */,
				3DFF061B2B0D667E00396A81 /* Release */,
			);
			defaultConfigurationIsVisible = 0;
			defaultConfigurationName = Release;
		};
/* End XCConfigurationList section */

/* Begin XCRemoteSwiftPackageReference section */
		3DFF062A2B0E95D600396A81 /* XCRemoteSwiftPackageReference "SwiftSoup" */ = {
			isa = XCRemoteSwiftPackageReference;
			repositoryURL = "https://github.com/scinfu/SwiftSoup.git";
			requirement = {
				kind = upToNextMajorVersion;
				minimumVersion = 2.6.1;
			};
		};
		3DFF062D2B0E9AF600396A81 /* XCRemoteSwiftPackageReference "MarkdownUI" */ = {
			isa = XCRemoteSwiftPackageReference;
			repositoryURL = "https://github.com/gonzalezreal/MarkdownUI.git";
			requirement = {
				kind = upToNextMajorVersion;
				minimumVersion = 2.2.0;
			};
		};
		3DFF06322B100BBE00396A81 /* XCRemoteSwiftPackageReference "FloatingButton" */ = {
			isa = XCRemoteSwiftPackageReference;
			repositoryURL = "https://github.com/exyte/FloatingButton";
			requirement = {
				kind = upToNextMajorVersion;
				minimumVersion = 1.2.2;
			};
		};
/* End XCRemoteSwiftPackageReference section */

/* Begin XCSwiftPackageProductDependency section */
		3DFF062B2B0E95D600396A81 /* SwiftSoup */ = {
			isa = XCSwiftPackageProductDependency;
			package = 3DFF062A2B0E95D600396A81 /* XCRemoteSwiftPackageReference "SwiftSoup" */;
			productName = SwiftSoup;
		};
		3DFF062E2B0E9AF600396A81 /* MarkdownUI */ = {
			isa = XCSwiftPackageProductDependency;
			package = 3DFF062D2B0E9AF600396A81 /* XCRemoteSwiftPackageReference "MarkdownUI" */;
			productName = MarkdownUI;
		};
		3DFF06332B100BBE00396A81 /* FloatingButton */ = {
			isa = XCSwiftPackageProductDependency;
			package = 3DFF06322B100BBE00396A81 /* XCRemoteSwiftPackageReference "FloatingButton" */;
			productName = FloatingButton;
		};
/* End XCSwiftPackageProductDependency section */
	};
	rootObject = 3DFF05E62B0D667C00396A81 /* Project object */;
}
